
Microsoft Visual Studio Solution File, Format Version 12.00
# Visual Studio 14
VisualStudioVersion = 14.0.25420.1
MinimumVisualStudioVersion = 10.0.40219.1
Project("{FAE04EC0-301F-11D3-BF4B-00C04F79EFBC}") = "Circuit impedance calculating model", "Circuit impedance calculating model\Circuit impedance calculating model.csproj", "{EDC1B1CF-1028-4B17-B865-8511A4AA2405}"
EndProject
Global
	GlobalSection(SolutionConfigurationPlatforms) = preSolution
		Debug|Any CPU = Debug|Any CPU
		Release|Any CPU = Release|Any CPU
	EndGlobalSection
	GlobalSection(ProjectConfigurationPlatforms) = postSolution
		{EDC1B1CF-1028-4B17-B865-8511A4AA2405}.Debug|Any CPU.ActiveCfg = Debug|Any CPU
		{EDC1B1CF-1028-4B17-B865-8511A4AA2405}.Debug|Any CPU.Build.0 = Debug|Any CPU
		{EDC1B1CF-1028-4B17-B865-8511A4AA2405}.Release|Any CPU.ActiveCfg = Release|Any CPU
		{EDC1B1CF-1028-4B17-B865-8511A4AA2405}.Release|Any CPU.Build.0 = Release|Any CPU
	EndGlobalSection
	GlobalSection(SolutionProperties) = preSolution
		HideSolutionNode = FALSE
	EndGlobalSection
EndGlobal
